# THIS IS AN AUTOGENERATED FILE. DO NOT EDIT THIS FILE DIRECTLY.
# yarn lockfile v1


"@babel/runtime@^7.17.2":
  version "7.22.15"
  resolved "https://registry.npmmirror.com/@babel/runtime/-/runtime-7.22.15.tgz#38f46494ccf6cf020bd4eed7124b425e83e523b8"
  integrity sha512-T0O+aa+4w0u06iNmapipJXMV4HoUir03hpx3/YqXXhu9xim3w+dVphjFWl1OH8NbZHw5Lbm9k45drDkgq2VNNA==
  dependencies:
    regenerator-runtime "^0.14.0"

bufferutil@^4.0.1:
  version "4.0.7"
  resolved "https://registry.npmmirror.com/bufferutil/-/bufferutil-4.0.7.tgz#60c0d19ba2c992dd8273d3f73772ffc894c153ad"
  integrity sha512-kukuqc39WOHtdxtw4UScxF/WVnMFVSQVKhtx3AjZJzhd0RGZZldcrfSEbVsWWe6KNH253574cq5F+wpv0G9pJw==
  dependencies:
    node-gyp-build "^4.3.0"

eventemitter3@^4.0.7:
  version "4.0.7"
  resolved "https://registry.npmmirror.com/eventemitter3/-/eventemitter3-4.0.7.tgz#2de9b68f6528d5644ef5c59526a1b4a07306169f"
  integrity sha512-8guHBZCwKnFhYdHr2ysuRWErTwhoN2X8XELRlrRwpmfeY2jjuUN4taQMsULKUVo1K4DvZl+0pgfyoysHxvmvEw==

node-gyp-build@^4.3.0:
  version "4.6.1"
  resolved "https://registry.npmmirror.com/node-gyp-build/-/node-gyp-build-4.6.1.tgz#24b6d075e5e391b8d5539d98c7fc5c210cac8a3e"
  integrity sha512-24vnklJmyRS8ViBNI8KbtK/r/DmXQMRiOMXTNz2nrTnAYUwjmEEbnnpB/+kt+yWRv73bPsSPRFddrcIbAxSiMQ==

regenerator-runtime@^0.14.0:
  version "0.14.0"
  resolved "https://registry.npmmirror.com/regenerator-runtime/-/regenerator-runtime-0.14.0.tgz#5e19d68eb12d486f797e15a3c6a918f7cec5eb45"
  integrity sha512-srw17NI0TUWHuGa5CFGGmhfNIeja30WMBfbslPNhf6JrqQlLN5gcrvig1oqPxiVaXb0oW0XRKtH6Nngs5lKCIA==

rpc-websockets@^7.6.0:
  version "7.6.0"
  resolved "https://registry.npmmirror.com/rpc-websockets/-/rpc-websockets-7.6.0.tgz#d3f4c0dac108ca35566b0e31552c32e58928cd04"
  integrity sha512-Jgcs8q6t8Go98dEulww1x7RysgTkzpCMelVxZW4hvuyFtOGpeUz9prpr2KjUa/usqxgFCd9Tu3+yhHEP9GVmiQ==
  dependencies:
    "@babel/runtime" "^7.17.2"
    eventemitter3 "^4.0.7"
    uuid "^8.3.2"
    ws "^8.5.0"
  optionalDependencies:
    bufferutil "^4.0.1"
    utf-8-validate "^5.0.2"

utf-8-validate@^5.0.2:
  version "5.0.10"
  resolved "https://registry.npmmirror.com/utf-8-validate/-/utf-8-validate-5.0.10.tgz#d7d10ea39318171ca982718b6b96a8d2442571a2"
  integrity sha512-Z6czzLq4u8fPOyx7TU6X3dvUZVvoJmxSQ+IcrlmagKhilxlhZgxPK6C5Jqbkw1IDUmFTM+cz9QDnnLTwDz/2gQ==
  dependencies:
    node-gyp-build "^4.3.0"

uuid@^8.3.2:
  version "8.3.2"
  resolved "https://registry.npmmirror.com/uuid/-/uuid-8.3.2.tgz#80d5b5ced271bb9af6c445f21a1a04c606cefbe2"
  integrity sha512-+NYs2QeMWy+GWFOEm9xnn6HCDp0l7QBD7ml8zLUmJ+93Q5NF0NocErnwkTkXVFNiX3/fpC6afS8Dhb/gz7R7eg==

ws@^8.5.0:
  version "8.14.2"
  resolved "https://registry.npmmirror.com/ws/-/ws-8.14.2.tgz#6c249a806eb2db7a20d26d51e7709eab7b2e6c7f"
  integrity sha512-wEBG1ftX4jcglPxgFCMJmZ2PLtSbJ2Peg6TmpJFTbe9GZYOQCDPdMYu/Tm0/bGZkw8paZnJY45J4K2PZrLYq8g==
